
Microsoft Visual Studio Solution File, Format Version 12.00
# Visual Studio 2012
Project("{FAE04EC0-301F-11D3-BF4B-00C04F79EFBC}") = "TrainSchedule", "TrainSchedule\TrainSchedule.csproj", "{4709E644-4E7B-4625-B796-0A644272B8F2}"
EndProject
Project("{FAE04EC0-301F-11D3-BF4B-00C04F79EFBC}") = "TrainSchedule.iOS", "iOS\TrainSchedule.iOS.csproj", "{19BBC8A6-4EBB-442F-B95C-4E1A9571F502}"
EndProject
Project("{FAE04EC0-301F-11D3-BF4B-00C04F79EFBC}") = "TrainSchedule.Droid", "Droid\TrainSchedule.Droid.csproj", "{BC2F1A3F-F433-4206-93D5-33F11B6EF3B8}"
EndProject
Project("{FAE04EC0-301F-11D3-BF4B-00C04F79EFBC}") = "TrainSchedule.UITests", "UITests\TrainSchedule.UITests.csproj", "{7FB61127-A74E-4BF1-BF2D-41511379543F}"
EndProject
Global
	GlobalSection(SolutionConfigurationPlatforms) = preSolution
		Debug|Any CPU = Debug|Any CPU
		Release|Any CPU = Release|Any CPU
		Debug|iPhoneSimulator = Debug|iPhoneSimulator
		Release|iPhone = Release|iPhone
		Release|iPhoneSimulator = Release|iPhoneSimulator
		Debug|iPhone = Debug|iPhone
	EndGlobalSection
	GlobalSection(ProjectConfigurationPlatforms) = postSolution
		{4709E644-4E7B-4625-B796-0A644272B8F2}.Debug|Any CPU.ActiveCfg = Debug|Any CPU
		{4709E644-4E7B-4625-B796-0A644272B8F2}.Debug|Any CPU.Build.0 = Debug|Any CPU
		{4709E644-4E7B-4625-B796-0A644272B8F2}.Release|Any CPU.ActiveCfg = Release|Any CPU
		{4709E644-4E7B-4625-B796-0A644272B8F2}.Release|Any CPU.Build.0 = Release|Any CPU
		{4709E644-4E7B-4625-B796-0A644272B8F2}.Debug|iPhoneSimulator.ActiveCfg = Debug|Any CPU
		{4709E644-4E7B-4625-B796-0A644272B8F2}.Debug|iPhoneSimulator.Build.0 = Debug|Any CPU
		{4709E644-4E7B-4625-B796-0A644272B8F2}.Release|iPhone.ActiveCfg = Release|Any CPU
		{4709E644-4E7B-4625-B796-0A644272B8F2}.Release|iPhone.Build.0 = Release|Any CPU
		{4709E644-4E7B-4625-B796-0A644272B8F2}.Release|iPhoneSimulator.ActiveCfg = Release|Any CPU
		{4709E644-4E7B-4625-B796-0A644272B8F2}.Release|iPhoneSimulator.Build.0 = Release|Any CPU
		{4709E644-4E7B-4625-B796-0A644272B8F2}.Debug|iPhone.ActiveCfg = Debug|Any CPU
		{4709E644-4E7B-4625-B796-0A644272B8F2}.Debug|iPhone.Build.0 = Debug|Any CPU
		{19BBC8A6-4EBB-442F-B95C-4E1A9571F502}.Debug|Any CPU.ActiveCfg = Debug|iPhoneSimulator
		{19BBC8A6-4EBB-442F-B95C-4E1A9571F502}.Debug|Any CPU.Build.0 = Debug|iPhoneSimulator
		{19BBC8A6-4EBB-442F-B95C-4E1A9571F502}.Release|Any CPU.ActiveCfg = Release|iPhone
		{19BBC8A6-4EBB-442F-B95C-4E1A9571F502}.Release|Any CPU.Build.0 = Release|iPhone
		{19BBC8A6-4EBB-442F-B95C-4E1A9571F502}.Debug|iPhoneSimulator.ActiveCfg = Debug|iPhoneSimulator
		{19BBC8A6-4EBB-442F-B95C-4E1A9571F502}.Debug|iPhoneSimulator.Build.0 = Debug|iPhoneSimulator
		{19BBC8A6-4EBB-442F-B95C-4E1A9571F502}.Release|iPhone.ActiveCfg = Release|iPhone
		{19BBC8A6-4EBB-442F-B95C-4E1A9571F502}.Release|iPhone.Build.0 = Release|iPhone
		{19BBC8A6-4EBB-442F-B95C-4E1A9571F502}.Release|iPhoneSimulator.ActiveCfg = Release|iPhoneSimulator
		{19BBC8A6-4EBB-442F-B95C-4E1A9571F502}.Release|iPhoneSimulator.Build.0 = Release|iPhoneSimulator
		{19BBC8A6-4EBB-442F-B95C-4E1A9571F502}.Debug|iPhone.ActiveCfg = Debug|iPhone
		{19BBC8A6-4EBB-442F-B95C-4E1A9571F502}.Debug|iPhone.Build.0 = Debug|iPhone
		{BC2F1A3F-F433-4206-93D5-33F11B6EF3B8}.Debug|Any CPU.ActiveCfg = Debug|Any CPU
		{BC2F1A3F-F433-4206-93D5-33F11B6EF3B8}.Debug|Any CPU.Build.0 = Debug|Any CPU
		{BC2F1A3F-F433-4206-93D5-33F11B6EF3B8}.Release|Any CPU.ActiveCfg = Release|Any CPU
		{BC2F1A3F-F433-4206-93D5-33F11B6EF3B8}.Release|Any CPU.Build.0 = Release|Any CPU
		{BC2F1A3F-F433-4206-93D5-33F11B6EF3B8}.Debug|iPhoneSimulator.ActiveCfg = Debug|Any CPU
		{BC2F1A3F-F433-4206-93D5-33F11B6EF3B8}.Debug|iPhoneSimulator.Build.0 = Debug|Any CPU
		{BC2F1A3F-F433-4206-93D5-33F11B6EF3B8}.Release|iPhone.ActiveCfg = Release|Any CPU
		{BC2F1A3F-F433-4206-93D5-33F11B6EF3B8}.Release|iPhone.Build.0 = Release|Any CPU
		{BC2F1A3F-F433-4206-93D5-33F11B6EF3B8}.Release|iPhoneSimulator.ActiveCfg = Release|Any CPU
		{BC2F1A3F-F433-4206-93D5-33F11B6EF3B8}.Release|iPhoneSimulator.Build.0 = Release|Any CPU
		{BC2F1A3F-F433-4206-93D5-33F11B6EF3B8}.Debug|iPhone.ActiveCfg = Debug|Any CPU
		{BC2F1A3F-F433-4206-93D5-33F11B6EF3B8}.Debug|iPhone.Build.0 = Debug|Any CPU
		{7FB61127-A74E-4BF1-BF2D-41511379543F}.Debug|Any CPU.ActiveCfg = Debug|Any CPU
		{7FB61127-A74E-4BF1-BF2D-41511379543F}.Debug|Any CPU.Build.0 = Debug|Any CPU
		{7FB61127-A74E-4BF1-BF2D-41511379543F}.Release|Any CPU.ActiveCfg = Release|Any CPU
		{7FB61127-A74E-4BF1-BF2D-41511379543F}.Release|Any CPU.Build.0 = Release|Any CPU
		{7FB61127-A74E-4BF1-BF2D-41511379543F}.Debug|iPhoneSimulator.ActiveCfg = Debug|Any CPU
		{7FB61127-A74E-4BF1-BF2D-41511379543F}.Debug|iPhoneSimulator.Build.0 = Debug|Any CPU
		{7FB61127-A74E-4BF1-BF2D-41511379543F}.Release|iPhone.ActiveCfg = Release|Any CPU
		{7FB61127-A74E-4BF1-BF2D-41511379543F}.Release|iPhone.Build.0 = Release|Any CPU
		{7FB61127-A74E-4BF1-BF2D-41511379543F}.Release|iPhoneSimulator.ActiveCfg = Release|Any CPU
		{7FB61127-A74E-4BF1-BF2D-41511379543F}.Release|iPhoneSimulator.Build.0 = Release|Any CPU
		{7FB61127-A74E-4BF1-BF2D-41511379543F}.Debug|iPhone.ActiveCfg = Debug|Any CPU
		{7FB61127-A74E-4BF1-BF2D-41511379543F}.Debug|iPhone.Build.0 = Debug|Any CPU
	EndGlobalSection
EndGlobal
